<?xml version="1.0" encoding="utf-8"?>
<Project ToolsVersion="4.0" xmlns="http://schemas.microsoft.com/developer/msbuild/2003">
  <ItemGroup>
    <ClCompile Include="src\Actor\Actor.cpp" />
    <ClCompile Include="src\BattleScene\ActorManager.cpp" />
    <ClCompile Include="src\Application.cpp" />
    <ClCompile Include="src\Actor\AttackCollider.cpp" />
    <ClCompile Include="src\Actor\Camera.cpp" />
    <ClCompile Include="src\Util\DxConverter.cpp" />
    <ClCompile Include="src\Actor\Enemy\Enemy.cpp" />
    <ClCompile Include="src\Game.cpp" />
    <ClCompile Include="src\Util\Input.cpp" />
    <ClCompile Include="src\main.cpp" />
    <ClCompile Include="src\Util\Matrix4x4.cpp" />
    <ClCompile Include="src\AssetsManager\Mesh.cpp" />
    <ClCompile Include="src\Actor\Player.cpp" />
    <ClCompile Include="src\Actor\SkinningMesh.cpp" />
    <ClCompile Include="src\Actor\Enemy\Slime.cpp" />
    <ClCompile Include="src\Actor\Sphere.cpp" />
    <ClCompile Include="src\Stopwatch.cpp" />
    <ClCompile Include="src\Util\Vector3.cpp" />
    <ClCompile Include="src\BattleScene\World.cpp" />
    <ClCompile Include="src\Util\MyMath.cpp" />
    <ClCompile Include="src\AssetsManager\PlayerDatabase.cpp" />
    <ClCompile Include="src\Util\CsvReader.cpp" />
    <ClCompile Include="src\AssetsManager\EnemyDatabase.cpp" />
    <ClCompile Include="src\MapScene\AreaNode.cpp" />
    <ClCompile Include="src\MapScene\MapManager.cpp" />
    <ClCompile Include="src\Util\MyRandom.cpp" />
    <ClCompile Include="src\AssetsManager\Image.cpp" />
    <ClCompile Include="src\SceneManager.cpp" />
    <ClCompile Include="src\Fade.cpp" />
    <ClCompile Include="src\BattleScene\BattleScene.cpp" />
    <ClCompile Include="src\MapScene\MapScene.cpp" />
    <ClCompile Include="src\TitleScene\TitleScene.cpp" />
    <ClCompile Include="src\GameResultScene\GameResultScene.cpp" />
    <ClCompile Include="src\Actor\Enemy\Mimic.cpp" />
    <ClCompile Include="src\Actor\Enemy\BlackKnight.cpp" />
    <ClCompile Include="src\BattleResultScene\BattleResultScene.cpp" />
    <ClCompile Include="src\ParameterScene\ParameterScene.cpp" />
    <ClCompile Include="src\Actor\Enemy\Skeleton.cpp" />
    <ClCompile Include="src\AssetsManager\Font.cpp" />
    <ClCompile Include="src\Actor\Enemy\Mage.cpp" />
    <ClCompile Include="src\Actor\BarGauge.cpp" />
    <ClCompile Include="src\Actor\ExtendableBarGauge.cpp" />
    <ClCompile Include="src\Util\Animation\AppearAnimation.cpp" />
    <ClCompile Include="src\Util\Vector2.cpp" />
    <ClCompile Include="src\Util\Animation\SlideInAnimation.cpp" />
    <ClCompile Include="src\BattleScene\Light.cpp" />
    <ClCompile Include="src\BattleScene\Field.cpp" />
    <ClCompile Include="src\Actor\Timer.cpp" />
    <ClCompile Include="src\Util\Animation\FadeInAnimation.cpp" />
    <ClCompile Include="src\AssetsManager\Sound.cpp" />
  </ItemGroup>
  <ItemGroup>
    <ClInclude Include="src\Actor\Actor.h" />
    <ClInclude Include="src\BattleScene\ActorManager.h" />
    <ClInclude Include="src\Application.h" />
    <ClInclude Include="src\Actor\AttackCollider.h" />
    <ClInclude Include="src\Actor\Camera.h" />
    <ClInclude Include="src\Util\DxConverter.h" />
    <ClInclude Include="src\Actor\Enemy\Enemy.h" />
    <ClInclude Include="src\Game.h" />
    <ClInclude Include="src\Util\Input.h" />
    <ClInclude Include="src\BattleScene\IWorld.h" />
    <ClInclude Include="src\Util\Matrix4x4.h" />
    <ClInclude Include="src\AssetsManager\Mesh.h" />
    <ClInclude Include="src\Actor\Player.h" />
    <ClInclude Include="src\Screen.h" />
    <ClInclude Include="src\Actor\SkinningMesh.h" />
    <ClInclude Include="src\Actor\Enemy\Slime.h" />
    <ClInclude Include="src\Actor\Sphere.h" />
    <ClInclude Include="src\Stopwatch.h" />
    <ClInclude Include="src\Util\Vector3.h" />
    <ClInclude Include="src\BattleScene\World.h" />
    <ClInclude Include="src\Util\MyMath.h" />
    <ClInclude Include="src\AssetsManager\PlayerDatabase.h" />
    <ClInclude Include="src\Singleton.h" />
    <ClInclude Include="src\Util\CsvReader.h" />
    <ClInclude Include="src\AssetsManager\EnemyDatabase.h" />
    <ClInclude Include="src\MapScene\AreaNode.h" />
    <ClInclude Include="src\MapScene\MapManager.h" />
    <ClInclude Include="src\Util\MyRandom.h" />
    <ClInclude Include="src\AssetsManager\Image.h" />
    <ClInclude Include="src\IScene.h" />
    <ClInclude Include="src\SceneManager.h" />
    <ClInclude Include="src\Fade.h" />
    <ClInclude Include="src\SceneNull.h" />
    <ClInclude Include="src\BattleScene\BattleScene.h" />
    <ClInclude Include="src\MapScene\MapScene.h" />
    <ClInclude Include="src\TitleScene\TitleScene.h" />
    <ClInclude Include="src\GameResultScene\GameResultScene.h" />
    <ClInclude Include="src\Actor\Enemy\Mimic.h" />
    <ClInclude Include="src\Actor\Enemy\BlackKnight.h" />
    <ClInclude Include="src\BattleResultScene\BattleResultScene.h" />
    <ClInclude Include="src\ParameterScene\ParameterScene.h" />
    <ClInclude Include="src\Actor\Enemy\Skeleton.h" />
    <ClInclude Include="src\AssetsManager\Font.h" />
    <ClInclude Include="src\Actor\Enemy\Mage.h" />
    <ClInclude Include="src\Actor\BarGauge.h" />
    <ClInclude Include="src\Actor\ExtendableBarGauge.h" />
    <ClInclude Include="src\Util\Animation\AppearAnimation.h" />
    <ClInclude Include="src\Util\Vector2.h" />
    <ClInclude Include="src\Util\Animation\SlideInAnimation.h" />
    <ClInclude Include="src\MapScene\NullNode.h" />
    <ClInclude Include="src\BattleScene\Light.h" />
    <ClInclude Include="src\BattleScene\Field.h" />
    <ClInclude Include="src\Actor\Timer.h" />
    <ClInclude Include="src\Util\Animation\FadeInAnimation.h" />
    <ClInclude Include="src\AssetsManager\Sound.h" />
  </ItemGroup>
</Project>