<?xml version="1.0" encoding="utf-8"?>
<Project ToolsVersion="4.0" xmlns="http://schemas.microsoft.com/developer/msbuild/2003">
  <ItemGroup>
    <ClCompile Include="Actor.cpp" />
    <ClCompile Include="CsvReader.cpp" />
    <ClCompile Include="Enemy.cpp" />
    <ClCompile Include="Game.cpp" />
    <ClCompile Include="GameManager.cpp" />
    <ClCompile Include="GameOverScene.cpp" />
    <ClCompile Include="Image.cpp" />
    <ClCompile Include="Input.cpp" />
    <ClCompile Include="main.cpp" />
    <ClCompile Include="Player.cpp" />
    <ClCompile Include="PlayerBullet.cpp" />
    <ClCompile Include="PlayerParameter.cpp" />
    <ClCompile Include="PlayScene.cpp" />
    <ClCompile Include="SceneManager.cpp" />
    <ClCompile Include="TitleScene.cpp" />
    <ClCompile Include="Util\MyMath.cpp" />
  </ItemGroup>
  <ItemGroup>
    <ClInclude Include="Actor.h" />
    <ClInclude Include="CsvReader.h" />
    <ClInclude Include="Enemy.h" />
    <ClInclude Include="Game.h" />
    <ClInclude Include="GameManager.h" />
    <ClInclude Include="GameOverScene.h" />
    <ClInclude Include="Image.h" />
    <ClInclude Include="Input.h" />
    <ClInclude Include="IScene.h" />
    <ClInclude Include="Player.h" />
    <ClInclude Include="PlayerBullet.h" />
    <ClInclude Include="PlayerParameter.h" />
    <ClInclude Include="PlayScene.h" />
    <ClInclude Include="SceneManager.h" />
    <ClInclude Include="Screen.h" />
    <ClInclude Include="Singleton.h" />
    <ClInclude Include="TitleScene.h" />
    <ClInclude Include="Util\MyMath.h" />
  </ItemGroup>
</Project>