<?xml version="1.0" encoding="utf-8"?>
<Project ToolsVersion="4.0" xmlns="http://schemas.microsoft.com/developer/msbuild/2003">
  <ItemGroup>
    <ClCompile Include="src\Actor.cpp" />
    <ClCompile Include="src\ActorManager.cpp" />
    <ClCompile Include="src\Application.cpp" />
    <ClCompile Include="src\AttackCollider.cpp" />
    <ClCompile Include="src\Camera.cpp" />
    <ClCompile Include="src\Util\DxConverter.cpp" />
    <ClCompile Include="src\Enemy.cpp" />
    <ClCompile Include="src\Game.cpp" />
    <ClCompile Include="src\Input.cpp" />
    <ClCompile Include="src\main.cpp" />
    <ClCompile Include="src\Util\Matrix4x4.cpp" />
    <ClCompile Include="src\Mesh.cpp" />
    <ClCompile Include="src\Player.cpp" />
    <ClCompile Include="src\SkinningMesh.cpp" />
    <ClCompile Include="src\Slime.cpp" />
    <ClCompile Include="src\Sphere.cpp" />
    <ClCompile Include="src\Stopwatch.cpp" />
    <ClCompile Include="src\Util\Vector3.cpp" />
    <ClCompile Include="src\World.cpp" />
    <ClCompile Include="src\Util\MyMath.cpp" />
    <ClCompile Include="src\PlayerParameter.cpp" />
    <ClCompile Include="src\Util\CsvReader.cpp" />
  </ItemGroup>
  <ItemGroup>
    <ClInclude Include="src\Actor.h" />
    <ClInclude Include="src\ActorManager.h" />
    <ClInclude Include="src\Application.h" />
    <ClInclude Include="src\AttackCollider.h" />
    <ClInclude Include="src\Camera.h" />
    <ClInclude Include="src\Util\DxConverter.h" />
    <ClInclude Include="src\Enemy.h" />
    <ClInclude Include="src\Game.h" />
    <ClInclude Include="src\Input.h" />
    <ClInclude Include="src\IWorld.h" />
    <ClInclude Include="src\Util\Matrix4x4.h" />
    <ClInclude Include="src\Mesh.h" />
    <ClInclude Include="src\Player.h" />
    <ClInclude Include="src\Screen.h" />
    <ClInclude Include="src\SkinningMesh.h" />
    <ClInclude Include="src\Slime.h" />
    <ClInclude Include="src\Sphere.h" />
    <ClInclude Include="src\Stopwatch.h" />
    <ClInclude Include="src\Util\Vector3.h" />
    <ClInclude Include="src\World.h" />
    <ClInclude Include="src\Util\MyMath.h" />
    <ClInclude Include="src\PlayerParameter.h" />
    <ClInclude Include="src\Singleton.h" />
    <ClInclude Include="src\Util\CsvReader.h" />
  </ItemGroup>
</Project>